
Microsoft Visual Studio Solution File, Format Version 12.00
Project("{FAE04EC0-301F-11D3-BF4B-00C04F79EFBC}") = "Tiles", "Tiles\Tiles.csproj", "{A460AAFF-C9AB-4814-BFB8-3A4AE55E6240}"
EndProject
Global
	GlobalSection(SolutionConfigurationPlatforms) = preSolution
		Debug|Any CPU = Debug|Any CPU
		Release|Any CPU = Release|Any CPU
	EndGlobalSection
	GlobalSection(ProjectConfigurationPlatforms) = postSolution
		{A460AAFF-C9AB-4814-BFB8-3A4AE55E6240}.Debug|Any CPU.ActiveCfg = Debug|Any CPU
		{A460AAFF-C9AB-4814-BFB8-3A4AE55E6240}.Debug|Any CPU.Build.0 = Debug|Any CPU
		{A460AAFF-C9AB-4814-BFB8-3A4AE55E6240}.Release|Any CPU.ActiveCfg = Release|Any CPU
		{A460AAFF-C9AB-4814-BFB8-3A4AE55E6240}.Release|Any CPU.Build.0 = Release|Any CPU
	EndGlobalSection
EndGlobal
